// !$*UTF8*$!
{
	archiveVersion = 1;
	classes = {
	};
	objectVersion = 50;
	objects = {

/* Begin PBXBuildFile section */
		B5E8B5F423DAE6B100B4B5A6 /* AppDelegate.swift in Sources */ = {isa = PBXBuildFile; fileRef = B5E8B5F323DAE6B100B4B5A6 /* AppDelegate.swift */; };
		B5E8B5F623DAE6B100B4B5A6 /* SceneDelegate.swift in Sources */ = {isa = PBXBuildFile; fileRef = B5E8B5F523DAE6B100B4B5A6 /* SceneDelegate.swift */; };
		B5E8B5F823DAE6B100B4B5A6 /* ViewController.swift in Sources */ = {isa = PBXBuildFile; fileRef = B5E8B5F723DAE6B100B4B5A6 /* ViewController.swift */; };
		B5E8B5FB23DAE6B100B4B5A6 /* Main.storyboard in Resources */ = {isa = PBXBuildFile; fileRef = B5E8B5F923DAE6B100B4B5A6 /* Main.storyboard */; };
		B5E8B5FD23DAE6B500B4B5A6 /* Assets.xcassets in Resources */ = {isa = PBXBuildFile; fileRef = B5E8B5FC23DAE6B500B4B5A6 /* Assets.xcassets */; };
		B5E8B60023DAE6B500B4B5A6 /* LaunchScreen.storyboard in Resources */ = {isa = PBXBuildFile; fileRef = B5E8B5FE23DAE6B500B4B5A6 /* LaunchScreen.storyboard */; };
/* End PBXBuildFile section */

/* Begin PBXFileReference section */
		B5E8B5F023DAE6B100B4B5A6 /* HerhalingDeluxe.app */ = {isa = PBXFileReference; explicitFileType = wrapper.application; includeInIndex = 0; path = HerhalingDeluxe.app; sourceTree = BUILT_PRODUCTS_DIR; };
		B5E8B5F323DAE6B100B4B5A6 /* AppDelegate.swift */ = {isa = PBXFileReference; lastKnownFileType = sourcecode.swift; path = AppDelegate.swift; sourceTree = "<group>"; };
		B5E8B5F523DAE6B100B4B5A6 /* SceneDelegate.swift */ = {isa = PBXFileReference; lastKnownFileType = sourcecode.swift; path = SceneDelegate.swift; sourceTree = "<group>"; };
		B5E8B5F723DAE6B100B4B5A6 /* ViewController.swift */ = {isa = PBXFileReference; lastKnownFileType = sourcecode.swift; path = ViewController.swift; sourceTree = "<group>"; };
		B5E8B5FA23DAE6B100B4B5A6 /* Base */ = {isa = PBXFileReference; lastKnownFileType = file.storyboard; name = Base; path = Base.lproj/Main.storyboard; sourceTree = "<group>"; };
		B5E8B5FC23DAE6B500B4B5A6 /* Assets.xcassets */ = {isa = PBXFileReference; lastKnownFileType = folder.assetcatalog; path = Assets.xcassets; sourceTree = "<group>"; };
		B5E8B5FF23DAE6B500B4B5A6 /* Base */ = {isa = PBXFileReference; lastKnownFileType = file.storyboard; name = Base; path = Base.lproj/LaunchScreen.storyboard; sourceTree = "<group>"; };
		B5E8B60123DAE6B500B4B5A6 /* Info.plist */ = {isa = PBXFileReference; lastKnownFileType = text.plist.xml; path = Info.plist; sourceTree = "<group>"; };
/* End PBXFileReference section */

/* Begin PBXFrameworksBuildPhase section */
		B5E8B5ED23DAE6B100B4B5A6 /* Frameworks */ = {
			isa = PBXFrameworksBuildPhase;
			buildActionMask = 2147483647;
			files = (
			);
			runOnlyForDeploymentPostprocessing = 0;
		};
/* End PBXFrameworksBuildPhase section */

/* Begin PBXGroup section */
		B5E8B5E723DAE6B100B4B5A6 = {
			isa = PBXGroup;
			children = (
				B5E8B5F223DAE6B100B4B5A6 /* HerhalingDeluxe */,
				B5E8B5F123DAE6B100B4B5A6 /* Products */,
			);
			sourceTree = "<group>";
		};
		B5E8B5F123DAE6B100B4B5A6 /* Products */ = {
			isa = PBXGroup;
			children = (
				B5E8B5F023DAE6B100B4B5A6 /* HerhalingDeluxe.app */,
			);
			name = Products;
			sourceTree = "<group>";
		};
		B5E8B5F223DAE6B100B4B5A6 /* HerhalingDeluxe */ = {
			isa = PBXGroup;
			children = (
				B5E8B5F323DAE6B100B4B5A6 /* AppDelegate.swift */,
				B5E8B5F523DAE6B100B4B5A6 /* SceneDelegate.swift */,
				B5E8B5F723DAE6B100B4B5A6 /* ViewController.swift */,
				B5E8B5F923DAE6B100B4B5A6 /* Main.storyboard */,
				B5E8B5FC23DAE6B500B4B5A6 /* Assets.xcassets */,
				B5E8B5FE23DAE6B500B4B5A6 /* LaunchScreen.storyboard */,
				B5E8B60123DAE6B500B4B5A6 /* Info.plist */,
			);
			path = HerhalingDeluxe;
			sourceTree = "<group>";
		};
/* End PBXGroup section */

/* Begin PBXNativeTarget section */
		B5E8B5EF23DAE6B100B4B5A6 /* HerhalingDeluxe */ = {
			isa = PBXNativeTarget;
			buildConfigurationList = B5E8B60423DAE6B500B4B5A6 /* Build configuration list for PBXNativeTarget "HerhalingDeluxe" */;
			buildPhases = (
				B5E8B5EC23DAE6B100B4B5A6 /* Sources */,
				B5E8B5ED23DAE6B100B4B5A6 /* Frameworks */,
				B5E8B5EE23DAE6B100B4B5A6 /* Resources */,
			);
			buildRules = (
			);
			dependencies = (
			);
			name = HerhalingDeluxe;
			productName = HerhalingDeluxe;
			productReference = B5E8B5F023DAE6B100B4B5A6 /* HerhalingDeluxe.app */;
			productType = "com.apple.product-type.application";
		};
/* End PBXNativeTarget section */

/* Begin PBXProject section */
		B5E8B5E823DAE6B100B4B5A6 /* Project object */ = {
			isa = PBXProject;
			attributes = {
				LastSwiftUpdateCheck = 1110;
				LastUpgradeCheck = 1110;
				ORGANIZATIONNAME = EhB;
				TargetAttributes = {
					B5E8B5EF23DAE6B100B4B5A6 = {
						CreatedOnToolsVersion = 11.1;
					};
				};
			};
			buildConfigurationList = B5E8B5EB23DAE6B100B4B5A6 /* Build configuration list for PBXProject "HerhalingDeluxe" */;
			compatibilityVersion = "Xcode 9.3";
			developmentRegion = en;
			hasScannedForEncodings = 0;
			knownRegions = (
				en,
				Base,
			);
			mainGroup = B5E8B5E723DAE6B100B4B5A6;
			productRefGroup = B5E8B5F123DAE6B100B4B5A6 /* Products */;
			projectDirPath = "";
			projectRoot = "";
			targets = (
				B5E8B5EF23DAE6B100B4B5A6 /* HerhalingDeluxe */,
			);
		};
/* End PBXProject section */

/* Begin PBXResourcesBuildPhase section */
		B5E8B5EE23DAE6B100B4B5A6 /* Resources */ = {
			isa = PBXResourcesBuildPhase;
			buildActionMask = 2147483647;
			files = (
				B5E8B60023DAE6B500B4B5A6 /* LaunchScreen.storyboard in Resources */,
				B5E8B5FD23DAE6B500B4B5A6 /* Assets.xcassets in Resources */,
				B5E8B5FB23DAE6B100B4B5A6 /* Main.storyboard in Resources */,
			);
			runOnlyForDeploymentPostprocessing = 0;
		};
/* End PBXResourcesBuildPhase section */

/* Begin PBXSourcesBuildPhase section */
		B5E8B5EC23DAE6B100B4B5A6 /* Sources */ = {
			isa = PBXSourcesBuildPhase;
			buildActionMask = 2147483647;
			files = (
				B5E8B5F823DAE6B100B4B5A6 /* ViewController.swift in Sources */,
				B5E8B5F423DAE6B100B4B5A6 /* AppDelegate.swift in Sources */,
				B5E8B5F623DAE6B100B4B5A6 /* SceneDelegate.swift in Sources */,
			);
			runOnlyForDeploymentPostprocessing = 0;
		};
/* End PBXSourcesBuildPhase section */

/* Begin PBXVariantGroup section */
		B5E8B5F923DAE6B100B4B5A6 /* Main.storyboard */ = {
			isa = PBXVariantGroup;
			children = (
				B5E8B5FA23DAE6B100B4B5A6 /* Base */,
			);
			name = Main.storyboard;
			sourceTree = "<group>";
		};
		B5E8B5FE23DAE6B500B4B5A6 /* LaunchScreen.storyboard */ = {
			isa = PBXVariantGroup;
			children = (
				B5E8B5FF23DAE6B500B4B5A6 /* Base */,
			);
			name = LaunchScreen.storyboard;
			sourceTree = "<group>";
		};
/* End PBXVariantGroup section */

/* Begin XCBuildConfiguration section */
		B5E8B60223DAE6B500B4B5A6 /* Debug */ = {
			isa = XCBuildConfiguration;
			buildSettings = {
				ALWAYS_SEARCH_USER_PATHS = NO;
				CLANG_ANALYZER_NONNULL = YES;
				CLANG_ANALYZER_NUMBER_OBJECT_CONVERSION = YES_AGGRESSIVE;
				CLANG_CXX_LANGUAGE_STANDARD = "gnu++14";
				CLANG_CXX_LIBRARY = "libc++";
				CLANG_ENABLE_MODULES = YES;
				CLANG_ENABLE_OBJC_ARC = YES;
				CLANG_ENABLE_OBJC_WEAK = YES;
				CLANG_WARN_BLOCK_CAPTURE_AUTORELEASING = YES;
				CLANG_WARN_BOOL_CONVERSION = YES;
				CLANG_WARN_COMMA = YES;
				CLANG_WARN_CONSTANT_CONVERSION = YES;
				CLANG_WARN_DEPRECATED_OBJC_IMPLEMENTATIONS = YES;
				CLANG_WARN_DIRECT_OBJC_ISA_USAGE = YES_ERROR;
				CLANG_WARN_DOCUMENTATION_COMMENTS = YES;
				CLANG_WARN_EMPTY_BODY = YES;
				CLANG_WARN_ENUM_CONVERSION = YES;
				CLANG_WARN_INFINITE_RECURSION = YES;
				CLANG_WARN_INT_CONVERSION = YES;
				CLANG_WARN_NON_LITERAL_NULL_CONVERSION = YES;
				CLANG_WARN_OBJC_IMPLICIT_RETAIN_SELF = YES;
				CLANG_WARN_OBJC_LITERAL_CONVERSION = YES;
				CLANG_WARN_OBJC_ROOT_CLASS = YES_ERROR;
				CLANG_WARN_RANGE_LOOP_ANALYSIS = YES;
				CLANG_WARN_STRICT_PROTOTYPES = YES;
				CLANG_WARN_SUSPICIOUS_MOVE = YES;
				CLANG_WARN_UNGUARDED_AVAILABILITY = YES_AGGRESSIVE;
				CLANG_WARN_UNREACHABLE_CODE = YES;
				CLANG_WARN__DUPLICATE_METHOD_MATCH = YES;
				COPY_PHASE_STRIP = NO;
				DEBUG_INFORMATION_FORMAT = dwarf;
				ENABLE_STRICT_OBJC_MSGSEND = YES;
				ENABLE_TESTABILITY = YES;
				GCC_C_LANGUAGE_STANDARD = gnu11;
				GCC_DYNAMIC_NO_PIC = NO;
				GCC_NO_COMMON_BLOCKS = YES;
				GCC_OPTIMIZATION_LEVEL = 0;
				GCC_PREPROCESSOR_DEFINITIONS = (
					"DEBUG=1",
					"$(inherited)",
				);
				GCC_WARN_64_TO_32_BIT_CONVERSION = YES;
				GCC_WARN_ABOUT_RETURN_TYPE = YES_ERROR;
				GCC_WARN_UNDECLARED_SELECTOR = YES;
				GCC_WARN_UNINITIALIZED_AUTOS = YES_AGGRESSIVE;
				GCC_WARN_UNUSED_FUNCTION = YES;
				GCC_WARN_UNUSED_VARIABLE = YES;
				IPHONEOS_DEPLOYMENT_TARGET = 13.1;
				MTL_ENABLE_DEBUG_INFO = INCLUDE_SOURCE;
				MTL_FAST_MATH = YES;
				ONLY_ACTIVE_ARCH = YES;
				SDKROOT = iphoneos;
				SWIFT_ACTIVE_COMPILATION_CONDITIONS = DEBUG;
				SWIFT_OPTIMIZATION_LEVEL = "-Onone";
			};
			name = Debug;
		};
		B5E8B60323DAE6B500B4B5A6 /* Release */ = {
			isa = XCBuildConfiguration;
			buildSettings = {
				ALWAYS_SEARCH_USER_PATHS = NO;
				CLANG_ANALYZER_NONNULL = YES;
				CLANG_ANALYZER_NUMBER_OBJECT_CONVERSION = YES_AGGRESSIVE;
				CLANG_CXX_LANGUAGE_STANDARD = "gnu++14";
				CLANG_CXX_LIBRARY = "libc++";
				CLANG_ENABLE_MODULES = YES;
				CLANG_ENABLE_OBJC_ARC = YES;
				CLANG_ENABLE_OBJC_WEAK = YES;
				CLANG_WARN_BLOCK_CAPTURE_AUTORELEASING = YES;
				CLANG_WARN_BOOL_CONVERSION = YES;
				CLANG_WARN_COMMA = YES;
				CLANG_WARN_CONSTANT_CONVERSION = YES;
				CLANG_WARN_DEPRECATED_OBJC_IMPLEMENTATIONS = YES;
				CLANG_WARN_DIRECT_OBJC_ISA_USAGE = YES_ERROR;
				CLANG_WARN_DOCUMENTATION_COMMENTS = YES;
				CLANG_WARN_EMPTY_BODY = YES;
				CLANG_WARN_ENUM_CONVERSION = YES;
				CLANG_WARN_INFINITE_RECURSION = YES;
				CLANG_WARN_INT_CONVERSION = YES;
				CLANG_WARN_NON_LITERAL_NULL_CONVERSION = YES;
				CLANG_WARN_OBJC_IMPLICIT_RETAIN_SELF = YES;
				CLANG_WARN_OBJC_LITERAL_CONVERSION = YES;
				CLANG_WARN_OBJC_ROOT_CLASS = YES_ERROR;
				CLANG_WARN_RANGE_LOOP_ANALYSIS = YES;
				CLANG_WARN_STRICT_PROTOTYPES = YES;
				CLANG_WARN_SUSPICIOUS_MOVE = YES;
				CLANG_WARN_UNGUARDED_AVAILABILITY = YES_AGGRESSIVE;
				CLANG_WARN_UNREACHABLE_CODE = YES;
				CLANG_WARN__DUPLICATE_METHOD_MATCH = YES;
				COPY_PHASE_STRIP = NO;
				DEBUG_INFORMATION_FORMAT = "dwarf-with-dsym";
				ENABLE_NS_ASSERTIONS = NO;
				ENABLE_STRICT_OBJC_MSGSEND = YES;
				GCC_C_LANGUAGE_STANDARD = gnu11;
				GCC_NO_COMMON_BLOCKS = YES;
				GCC_WARN_64_TO_32_BIT_CONVERSION = YES;
				GCC_WARN_ABOUT_RETURN_TYPE = YES_ERROR;
				GCC_WARN_UNDECLARED_SELECTOR = YES;
				GCC_WARN_UNINITIALIZED_AUTOS = YES_AGGRESSIVE;
				GCC_WARN_UNUSED_FUNCTION = YES;
				GCC_WARN_UNUSED_VARIABLE = YES;
				IPHONEOS_DEPLOYMENT_TARGET = 13.1;
				MTL_ENABLE_DEBUG_INFO = NO;
				MTL_FAST_MATH = YES;
				SDKROOT = iphoneos;
				SWIFT_COMPILATION_MODE = wholemodule;
				SWIFT_OPTIMIZATION_LEVEL = "-O";
				VALIDATE_PRODUCT = YES;
			};
			name = Release;
		};
		B5E8B60523DAE6B500B4B5A6 /* Debug */ = {
			isa = XCBuildConfiguration;
			buildSettings = {
				ASSETCATALOG_COMPILER_APPICON_NAME = AppIcon;
				CODE_SIGN_STYLE = Automatic;
				INFOPLIST_FILE = HerhalingDeluxe/Info.plist;
				LD_RUNPATH_SEARCH_PATHS = (
					"$(inherited)",
					"@executable_path/Frameworks",
				);
				PRODUCT_BUNDLE_IDENTIFIER = be.ehb.HerhalingDeluxe;
				PRODUCT_NAME = "$(TARGET_NAME)";
				SWIFT_VERSION = 5.0;
				TARGETED_DEVICE_FAMILY = "1,2";
			};
			name = Debug;
		};
		B5E8B60623DAE6B500B4B5A6 /* Release */ = {
			isa = XCBuildConfiguration;
			buildSettings = {
				ASSETCATALOG_COMPILER_APPICON_NAME = AppIcon;
				CODE_SIGN_STYLE = Automatic;
				INFOPLIST_FILE = HerhalingDeluxe/Info.plist;
				LD_RUNPATH_SEARCH_PATHS = (
					"$(inherited)",
					"@executable_path/Frameworks",
				);
				PRODUCT_BUNDLE_IDENTIFIER = be.ehb.HerhalingDeluxe;
				PRODUCT_NAME = "$(TARGET_NAME)";
				SWIFT_VERSION = 5.0;
				TARGETED_DEVICE_FAMILY = "1,2";
			};
			name = Release;
		};
/* End XCBuildConfiguration section */

/* Begin XCConfigurationList section */
		B5E8B5EB23DAE6B100B4B5A6 /* Build configuration list for PBXProject "HerhalingDeluxe" */ = {
			isa = XCConfigurationList;
			buildConfigurations = (
				B5E8B60223DAE6B500B4B5A6 /* Debug */,
				B5E8B60323DAE6B500B4B5A6 /* Release */,
			);
			defaultConfigurationIsVisible = 0;
			defaultConfigurationName = Release;
		};
		B5E8B60423DAE6B500B4B5A6 /* Build configuration list for PBXNativeTarget "HerhalingDeluxe" */ = {
			isa = XCConfigurationList;
			buildConfigurations = (
				B5E8B60523DAE6B500B4B5A6 /* Debug */,
				B5E8B60623DAE6B500B4B5A6 /* Release */,
			);
			defaultConfigurationIsVisible = 0;
			defaultConfigurationName = Release;
		};
/* End XCConfigurationList section */
	};
	rootObject = B5E8B5E823DAE6B100B4B5A6 /* Project object */;
}
